{
  "name": "4-stack",
  "version": "1.0.0",
  "lockfileVersion": 1,
  "requires": true,
  "dependencies": {
    "prompt-sync": {
      "version": "4.0.0",
      "resolved": "https://registry.npmjs.org/prompt-sync/-/prompt-sync-4.0.0.tgz",
      "integrity": "sha1-o3jI9GRW6rtJ9bBZdv+WGbZaba8="
    }
  }
}
